
Microsoft Visual Studio Solution File, Format Version 12.00
# Visual Studio 15
VisualStudioVersion = 15.0.27130.2010
MinimumVisualStudioVersion = 10.0.40219.1
Project("{8BC9CEB8-8B4A-11D0-8D11-00A0C91BC942}") = "PUSH THE CAVE", "PUSH THE CAVE\PUSH THE CAVE.vcxproj", "{D18B6502-C302-41E4-9001-2D37364C3D7E}"
EndProject
Global
	GlobalSection(SolutionConfigurationPlatforms) = preSolution
		Debug|x64 = Debug|x64
		Debug|x86 = Debug|x86
		Release|x64 = Release|x64
		Release|x86 = Release|x86
	EndGlobalSection
	GlobalSection(ProjectConfigurationPlatforms) = postSolution
		{D18B6502-C302-41E4-9001-2D37364C3D7E}.Debug|x64.ActiveCfg = Debug|x64
		{D18B6502-C302-41E4-9001-2D37364C3D7E}.Debug|x64.Build.0 = Debug|x64
		{D18B6502-C302-41E4-9001-2D37364C3D7E}.Debug|x86.ActiveCfg = Debug|Win32
		{D18B6502-C302-41E4-9001-2D37364C3D7E}.Debug|x86.Build.0 = Debug|Win32
		{D18B6502-C302-41E4-9001-2D37364C3D7E}.Release|x64.ActiveCfg = Release|x64
		{D18B6502-C302-41E4-9001-2D37364C3D7E}.Release|x64.Build.0 = Release|x64
		{D18B6502-C302-41E4-9001-2D37364C3D7E}.Release|x86.ActiveCfg = Release|Win32
		{D18B6502-C302-41E4-9001-2D37364C3D7E}.Release|x86.Build.0 = Release|Win32
	EndGlobalSection
	GlobalSection(SolutionProperties) = preSolution
		HideSolutionNode = FALSE
	EndGlobalSection
	GlobalSection(ExtensibilityGlobals) = postSolution
		SolutionGuid = {05F53E39-D308-4FE9-967B-40A5CE9D296E}
	EndGlobalSection
EndGlobal
